
Microsoft Visual Studio Solution File, Format Version 12.00
# Visual Studio 15
VisualStudioVersion = 15.0.27703.2018
MinimumVisualStudioVersion = 10.0.40219.1
Project("{A07B5EB6-E848-4116-A8D0-A826331D98C6}") = "Application2", "Application2\Application2.sfproj", "{F5A92892-B961-4ADF-936C-BAC770158FFC}"
EndProject
Project("{FAE04EC0-301F-11D3-BF4B-00C04F79EFBC}") = "MyStatelessService", "MyStatelessService\MyStatelessService.csproj", "{4DAA4CF8-4B9E-452F-AEF7-1FE1ACA0838E}"
EndProject
Global
	GlobalSection(SolutionConfigurationPlatforms) = preSolution
		Debug|Any CPU = Debug|Any CPU
		Debug|x64 = Debug|x64
		Release|Any CPU = Release|Any CPU
		Release|x64 = Release|x64
	EndGlobalSection
	GlobalSection(ProjectConfigurationPlatforms) = postSolution
		{F5A92892-B961-4ADF-936C-BAC770158FFC}.Debug|Any CPU.ActiveCfg = Debug|x64
		{F5A92892-B961-4ADF-936C-BAC770158FFC}.Debug|x64.ActiveCfg = Debug|x64
		{F5A92892-B961-4ADF-936C-BAC770158FFC}.Debug|x64.Build.0 = Debug|x64
		{F5A92892-B961-4ADF-936C-BAC770158FFC}.Debug|x64.Deploy.0 = Debug|x64
		{F5A92892-B961-4ADF-936C-BAC770158FFC}.Release|Any CPU.ActiveCfg = Release|x64
		{F5A92892-B961-4ADF-936C-BAC770158FFC}.Release|x64.ActiveCfg = Release|x64
		{F5A92892-B961-4ADF-936C-BAC770158FFC}.Release|x64.Build.0 = Release|x64
		{F5A92892-B961-4ADF-936C-BAC770158FFC}.Release|x64.Deploy.0 = Release|x64
		{4DAA4CF8-4B9E-452F-AEF7-1FE1ACA0838E}.Debug|Any CPU.ActiveCfg = Debug|Any CPU
		{4DAA4CF8-4B9E-452F-AEF7-1FE1ACA0838E}.Debug|Any CPU.Build.0 = Debug|Any CPU
		{4DAA4CF8-4B9E-452F-AEF7-1FE1ACA0838E}.Debug|x64.ActiveCfg = Debug|Any CPU
		{4DAA4CF8-4B9E-452F-AEF7-1FE1ACA0838E}.Debug|x64.Build.0 = Debug|Any CPU
		{4DAA4CF8-4B9E-452F-AEF7-1FE1ACA0838E}.Release|Any CPU.ActiveCfg = Release|Any CPU
		{4DAA4CF8-4B9E-452F-AEF7-1FE1ACA0838E}.Release|Any CPU.Build.0 = Release|Any CPU
		{4DAA4CF8-4B9E-452F-AEF7-1FE1ACA0838E}.Release|x64.ActiveCfg = Release|Any CPU
		{4DAA4CF8-4B9E-452F-AEF7-1FE1ACA0838E}.Release|x64.Build.0 = Release|Any CPU
	EndGlobalSection
	GlobalSection(SolutionProperties) = preSolution
		HideSolutionNode = FALSE
	EndGlobalSection
	GlobalSection(ExtensibilityGlobals) = postSolution
		SolutionGuid = {29AC8A2F-C6BE-4B03-9B77-C8E52E9F673F}
	EndGlobalSection
EndGlobal
